
Microsoft Visual Studio Solution File, Format Version 12.00
# Visual Studio 15
VisualStudioVersion = 15.0.26124.0
MinimumVisualStudioVersion = 15.0.26124.0
Project("{2150E333-8FDC-42A3-9474-1A3956D46DE8}") = "src", "src", "{003AE7DE-8054-48A0-BBF4-3456C4BD1D83}"
ProjectSection(SolutionItems) = preProject
	README.md = README.md
	LICENSE = LICENSE
EndProjectSection
EndProject
Project("{FAE04EC0-301F-11D3-BF4B-00C04F79EFBC}") = "Noted", "src\Noted\Noted.csproj", "{5080EF68-6A1C-4D31-AC29-650D60A49483}"
EndProject
Project("{2150E333-8FDC-42A3-9474-1A3956D46DE8}") = "test", "test", "{7D5CC75F-BF11-4EA5-8940-6C83614158B1}"
EndProject
Project("{FAE04EC0-301F-11D3-BF4B-00C04F79EFBC}") = "Noted.Tests", "test\Noted.Tests\Noted.Tests.csproj", "{BC133CBA-D5B6-4FC5-8436-512A34D12A39}"
EndProject
Project("{2150E333-8FDC-42A3-9474-1A3956D46DE8}") = "assets", "assets", "{376C5D6A-E00F-43D0-B13D-D5F001513D12}"
EndProject
Global
	GlobalSection(SolutionConfigurationPlatforms) = preSolution
		Debug|Any CPU = Debug|Any CPU
		Debug|x64 = Debug|x64
		Debug|x86 = Debug|x86
		Release|Any CPU = Release|Any CPU
		Release|x64 = Release|x64
		Release|x86 = Release|x86
	EndGlobalSection
	GlobalSection(SolutionProperties) = preSolution
		HideSolutionNode = FALSE
	EndGlobalSection
	GlobalSection(ProjectConfigurationPlatforms) = postSolution
		{5080EF68-6A1C-4D31-AC29-650D60A49483}.Debug|Any CPU.ActiveCfg = Debug|Any CPU
		{5080EF68-6A1C-4D31-AC29-650D60A49483}.Debug|Any CPU.Build.0 = Debug|Any CPU
		{5080EF68-6A1C-4D31-AC29-650D60A49483}.Debug|x64.ActiveCfg = Debug|Any CPU
		{5080EF68-6A1C-4D31-AC29-650D60A49483}.Debug|x64.Build.0 = Debug|Any CPU
		{5080EF68-6A1C-4D31-AC29-650D60A49483}.Debug|x86.ActiveCfg = Debug|Any CPU
		{5080EF68-6A1C-4D31-AC29-650D60A49483}.Debug|x86.Build.0 = Debug|Any CPU
		{5080EF68-6A1C-4D31-AC29-650D60A49483}.Release|Any CPU.ActiveCfg = Release|Any CPU
		{5080EF68-6A1C-4D31-AC29-650D60A49483}.Release|Any CPU.Build.0 = Release|Any CPU
		{5080EF68-6A1C-4D31-AC29-650D60A49483}.Release|x64.ActiveCfg = Release|Any CPU
		{5080EF68-6A1C-4D31-AC29-650D60A49483}.Release|x64.Build.0 = Release|Any CPU
		{5080EF68-6A1C-4D31-AC29-650D60A49483}.Release|x86.ActiveCfg = Release|Any CPU
		{5080EF68-6A1C-4D31-AC29-650D60A49483}.Release|x86.Build.0 = Release|Any CPU
		{BC133CBA-D5B6-4FC5-8436-512A34D12A39}.Debug|Any CPU.ActiveCfg = Debug|Any CPU
		{BC133CBA-D5B6-4FC5-8436-512A34D12A39}.Debug|Any CPU.Build.0 = Debug|Any CPU
		{BC133CBA-D5B6-4FC5-8436-512A34D12A39}.Debug|x64.ActiveCfg = Debug|Any CPU
		{BC133CBA-D5B6-4FC5-8436-512A34D12A39}.Debug|x64.Build.0 = Debug|Any CPU
		{BC133CBA-D5B6-4FC5-8436-512A34D12A39}.Debug|x86.ActiveCfg = Debug|Any CPU
		{BC133CBA-D5B6-4FC5-8436-512A34D12A39}.Debug|x86.Build.0 = Debug|Any CPU
		{BC133CBA-D5B6-4FC5-8436-512A34D12A39}.Release|Any CPU.ActiveCfg = Release|Any CPU
		{BC133CBA-D5B6-4FC5-8436-512A34D12A39}.Release|Any CPU.Build.0 = Release|Any CPU
		{BC133CBA-D5B6-4FC5-8436-512A34D12A39}.Release|x64.ActiveCfg = Release|Any CPU
		{BC133CBA-D5B6-4FC5-8436-512A34D12A39}.Release|x64.Build.0 = Release|Any CPU
		{BC133CBA-D5B6-4FC5-8436-512A34D12A39}.Release|x86.ActiveCfg = Release|Any CPU
		{BC133CBA-D5B6-4FC5-8436-512A34D12A39}.Release|x86.Build.0 = Release|Any CPU
	EndGlobalSection
	GlobalSection(NestedProjects) = preSolution
		{5080EF68-6A1C-4D31-AC29-650D60A49483} = {003AE7DE-8054-48A0-BBF4-3456C4BD1D83}
		{BC133CBA-D5B6-4FC5-8436-512A34D12A39} = {7D5CC75F-BF11-4EA5-8940-6C83614158B1}
		{376C5D6A-E00F-43D0-B13D-D5F001513D12} = {7D5CC75F-BF11-4EA5-8940-6C83614158B1}
	EndGlobalSection
EndGlobal
